// !$*UTF8*$!
{
	archiveVersion = 1;
	classes = {
	};
	objectVersion = 77;
	objects = {

/* Begin PBXContainerItemProxy section */
		7B24D2FE2D40FC2C00AB0197 /* PBXContainerItemProxy */ = {
			isa = PBXContainerItemProxy;
			containerPortal = 7B24D2E52D40FC2B00AB0197 /* Project object */;
			proxyType = 1;
			remoteGlobalIDString = 7B24D2EC2D40FC2B00AB0197;
			remoteInfo = Logintest;
		};
		7B24D3082D40FC2C00AB0197 /* PBXContainerItemProxy */ = {
			isa = PBXContainerItemProxy;
			containerPortal = 7B24D2E52D40FC2B00AB0197 /* Project object */;
			proxyType = 1;
			remoteGlobalIDString = 7B24D2EC2D40FC2B00AB0197;
			remoteInfo = Logintest;
		};
/* End PBXContainerItemProxy section */

/* Begin PBXFileReference section */
		7B24D2ED2D40FC2B00AB0197 /* Logintest.app */ = {isa = PBXFileReference; explicitFileType = wrapper.application; includeInIndex = 0; path = Logintest.app; sourceTree = BUILT_PRODUCTS_DIR; };
		7B24D2FD2D40FC2C00AB0197 /* LogintestTests.xctest */ = {isa = PBXFileReference; explicitFileType = wrapper.cfbundle; includeInIndex = 0; path = LogintestTests.xctest; sourceTree = BUILT_PRODUCTS_DIR; };
		7B24D3072D40FC2C00AB0197 /* LogintestUITests.xctest */ = {isa = PBXFileReference; explicitFileType = wrapper.cfbundle; includeInIndex = 0; path = LogintestUITests.xctest; sourceTree = BUILT_PRODUCTS_DIR; };
/* End PBXFileReference section */

/* Begin PBXFileSystemSynchronizedRootGroup section */
		7B24D2EF2D40FC2B00AB0197 /* Logintest */ = {
			isa = PBXFileSystemSynchronizedRootGroup;
			path = Logintest;
			sourceTree = "<group>";
		};
		7B24D3002D40FC2C00AB0197 /* LogintestTests */ = {
			isa = PBXFileSystemSynchronizedRootGroup;
			path = LogintestTests;
			sourceTree = "<group>";
		};
		7B24D30A2D40FC2C00AB0197 /* LogintestUITests */ = {
			isa = PBXFileSystemSynchronizedRootGroup;
			path = LogintestUITests;
			sourceTree = "<group>";
		};
/* End PBXFileSystemSynchronizedRootGroup section */

/* Begin PBXFrameworksBuildPhase section */
		7B24D2EA2D40FC2B00AB0197 /* Frameworks */ = {
			isa = PBXFrameworksBuildPhase;
			buildActionMask = 2147483647;
			files = (
			);
			runOnlyForDeploymentPostprocessing = 0;
		};
		7B24D2FA2D40FC2C00AB0197 /* Frameworks */ = {
			isa = PBXFrameworksBuildPhase;
			buildActionMask = 2147483647;
			files = (
			);
			runOnlyForDeploymentPostprocessing = 0;
		};
		7B24D3042D40FC2C00AB0197 /* Frameworks */ = {
			isa = PBXFrameworksBuildPhase;
			buildActionMask = 2147483647;
			files = (
			);
			runOnlyForDeploymentPostprocessing = 0;
		};
/* End PBXFrameworksBuildPhase section */

/* Begin PBXGroup section */
		7B24D2E42D40FC2B00AB0197 = {
			isa = PBXGroup;
			children = (
				7B24D2EF2D40FC2B00AB0197 /* Logintest */,
				7B24D3002D40FC2C00AB0197 /* LogintestTests */,
				7B24D30A2D40FC2C00AB0197 /* LogintestUITests */,
				7B24D2EE2D40FC2B00AB0197 /* Products */,
			);
			sourceTree = "<group>";
		};
		7B24D2EE2D40FC2B00AB0197 /* Products */ = {
			isa = PBXGroup;
			children = (
				7B24D2ED2D40FC2B00AB0197 /* Logintest.app */,
				7B24D2FD2D40FC2C00AB0197 /* LogintestTests.xctest */,
				7B24D3072D40FC2C00AB0197 /* LogintestUITests.xctest */,
			);
			name = Products;
			sourceTree = "<group>";
		};
/* End PBXGroup section */

/* Begin PBXNativeTarget section */
		7B24D2EC2D40FC2B00AB0197 /* Logintest */ = {
			isa = PBXNativeTarget;
			buildConfigurationList = 7B24D3112D40FC2C00AB0197 /* Build configuration list for PBXNativeTarget "Logintest" */;
			buildPhases = (
				7B24D2E92D40FC2B00AB0197 /* Sources */,
				7B24D2EA2D40FC2B00AB0197 /* Frameworks */,
				7B24D2EB2D40FC2B00AB0197 /* Resources */,
			);
			buildRules = (
			);
			dependencies = (
			);
			fileSystemSynchronizedGroups = (
				7B24D2EF2D40FC2B00AB0197 /* Logintest */,
			);
			name = Logintest;
			packageProductDependencies = (
			);
			productName = Logintest;
			productReference = 7B24D2ED2D40FC2B00AB0197 /* Logintest.app */;
			productType = "com.apple.product-type.application";
		};
		7B24D2FC2D40FC2C00AB0197 /* LogintestTests */ = {
			isa = PBXNativeTarget;
			buildConfigurationList = 7B24D3142D40FC2C00AB0197 /* Build configuration list for PBXNativeTarget "LogintestTests" */;
			buildPhases = (
				7B24D2F92D40FC2C00AB0197 /* Sources */,
				7B24D2FA2D40FC2C00AB0197 /* Frameworks */,
				7B24D2FB2D40FC2C00AB0197 /* Resources */,
			);
			buildRules = (
			);
			dependencies = (
				7B24D2FF2D40FC2C00AB0197 /* PBXTargetDependency */,
			);
			fileSystemSynchronizedGroups = (
				7B24D3002D40FC2C00AB0197 /* LogintestTests */,
			);
			name = LogintestTests;
			packageProductDependencies = (
			);
			productName = LogintestTests;
			productReference = 7B24D2FD2D40FC2C00AB0197 /* LogintestTests.xctest */;
			productType = "com.apple.product-type.bundle.unit-test";
		};
		7B24D3062D40FC2C00AB0197 /* LogintestUITests */ = {
			isa = PBXNativeTarget;
			buildConfigurationList = 7B24D3172D40FC2C00AB0197 /* Build configuration list for PBXNativeTarget "LogintestUITests" */;
			buildPhases = (
				7B24D3032D40FC2C00AB0197 /* Sources */,
				7B24D3042D40FC2C00AB0197 /* Frameworks */,
				7B24D3052D40FC2C00AB0197 /* Resources */,
			);
			buildRules = (
			);
			dependencies = (
				7B24D3092D40FC2C00AB0197 /* PBXTargetDependency */,
			);
			fileSystemSynchronizedGroups = (
				7B24D30A2D40FC2C00AB0197 /* LogintestUITests */,
			);
			name = LogintestUITests;
			packageProductDependencies = (
			);
			productName = LogintestUITests;
			productReference = 7B24D3072D40FC2C00AB0197 /* LogintestUITests.xctest */;
			productType = "com.apple.product-type.bundle.ui-testing";
		};
/* End PBXNativeTarget section */

/* Begin PBXProject section */
		7B24D2E52D40FC2B00AB0197 /* Project object */ = {
			isa = PBXProject;
			attributes = {
				BuildIndependentTargetsInParallel = 1;
				LastSwiftUpdateCheck = 1620;
				LastUpgradeCheck = 1620;
				TargetAttributes = {
					7B24D2EC2D40FC2B00AB0197 = {
						CreatedOnToolsVersion = 16.2;
					};
					7B24D2FC2D40FC2C00AB0197 = {
						CreatedOnToolsVersion = 16.2;
						TestTargetID = 7B24D2EC2D40FC2B00AB0197;
					};
					7B24D3062D40FC2C00AB0197 = {
						CreatedOnToolsVersion = 16.2;
						TestTargetID = 7B24D2EC2D40FC2B00AB0197;
					};
				};
			};
			buildConfigurationList = 7B24D2E82D40FC2B00AB0197 /* Build configuration list for PBXProject "Logintest" */;
			developmentRegion = en;
			hasScannedForEncodings = 0;
			knownRegions = (
				en,
				Base,
			);
			mainGroup = 7B24D2E42D40FC2B00AB0197;
			minimizedProjectReferenceProxies = 1;
			preferredProjectObjectVersion = 77;
			productRefGroup = 7B24D2EE2D40FC2B00AB0197 /* Products */;
			projectDirPath = "";
			projectRoot = "";
			targets = (
				7B24D2EC2D40FC2B00AB0197 /* Logintest */,
				7B24D2FC2D40FC2C00AB0197 /* LogintestTests */,
				7B24D3062D40FC2C00AB0197 /* LogintestUITests */,
			);
		};
/* End PBXProject section */

/* Begin PBXResourcesBuildPhase section */
		7B24D2EB2D40FC2B00AB0197 /* Resources */ = {
			isa = PBXResourcesBuildPhase;
			buildActionMask = 2147483647;
			files = (
			);
			runOnlyForDeploymentPostprocessing = 0;
		};
		7B24D2FB2D40FC2C00AB0197 /* Resources */ = {
			isa = PBXResourcesBuildPhase;
			buildActionMask = 2147483647;
			files = (
			);
			runOnlyForDeploymentPostprocessing = 0;
		};
		7B24D3052D40FC2C00AB0197 /* Resources */ = {
			isa = PBXResourcesBuildPhase;
			buildActionMask = 2147483647;
			files = (
			);
			runOnlyForDeploymentPostprocessing = 0;
		};
/* End PBXResourcesBuildPhase section */

/* Begin PBXSourcesBuildPhase section */
		7B24D2E92D40FC2B00AB0197 /* Sources */ = {
			isa = PBXSourcesBuildPhase;
			buildActionMask = 2147483647;
			files = (
			);
			runOnlyForDeploymentPostprocessing = 0;
		};
		7B24D2F92D40FC2C00AB0197 /* Sources */ = {
			isa = PBXSourcesBuildPhase;
			buildActionMask = 2147483647;
			files = (
			);
			runOnlyForDeploymentPostprocessing = 0;
		};
		7B24D3032D40FC2C00AB0197 /* Sources */ = {
			isa = PBXSourcesBuildPhase;
			buildActionMask = 2147483647;
			files = (
			);
			runOnlyForDeploymentPostprocessing = 0;
		};
/* End PBXSourcesBuildPhase section */

/* Begin PBXTargetDependency section */
		7B24D2FF2D40FC2C00AB0197 /* PBXTargetDependency */ = {
			isa = PBXTargetDependency;
			target = 7B24D2EC2D40FC2B00AB0197 /* Logintest */;
			targetProxy = 7B24D2FE2D40FC2C00AB0197 /* PBXContainerItemProxy */;
		};
		7B24D3092D40FC2C00AB0197 /* PBXTargetDependency */ = {
			isa = PBXTargetDependency;
			target = 7B24D2EC2D40FC2B00AB0197 /* Logintest */;
			targetProxy = 7B24D3082D40FC2C00AB0197 /* PBXContainerItemProxy */;
		};
/* End PBXTargetDependency section */

/* Begin XCBuildConfiguration section */
		7B24D30F2D40FC2C00AB0197 /* Debug */ = {
			isa = XCBuildConfiguration;
			buildSettings = {
				ALWAYS_SEARCH_USER_PATHS = NO;
				ASSETCATALOG_COMPILER_GENERATE_SWIFT_ASSET_SYMBOL_EXTENSIONS = YES;
				CLANG_ANALYZER_NONNULL = YES;
				CLANG_ANALYZER_NUMBER_OBJECT_CONVERSION = YES_AGGRESSIVE;
				CLANG_CXX_LANGUAGE_STANDARD = "gnu++20";
				CLANG_ENABLE_MODULES = YES;
				CLANG_ENABLE_OBJC_ARC = YES;
				CLANG_ENABLE_OBJC_WEAK = YES;
				CLANG_WARN_BLOCK_CAPTURE_AUTORELEASING = YES;
				CLANG_WARN_BOOL_CONVERSION = YES;
				CLANG_WARN_COMMA = YES;
				CLANG_WARN_CONSTANT_CONVERSION = YES;
				CLANG_WARN_DEPRECATED_OBJC_IMPLEMENTATIONS = YES;
				CLANG_WARN_DIRECT_OBJC_ISA_USAGE = YES_ERROR;
				CLANG_WARN_DOCUMENTATION_COMMENTS = YES;
				CLANG_WARN_EMPTY_BODY = YES;
				CLANG_WARN_ENUM_CONVERSION = YES;
				CLANG_WARN_INFINITE_RECURSION = YES;
				CLANG_WARN_INT_CONVERSION = YES;
				CLANG_WARN_NON_LITERAL_NULL_CONVERSION = YES;
				CLANG_WARN_OBJC_IMPLICIT_RETAIN_SELF = YES;
				CLANG_WARN_OBJC_LITERAL_CONVERSION = YES;
				CLANG_WARN_OBJC_ROOT_CLASS = YES_ERROR;
				CLANG_WARN_QUOTED_INCLUDE_IN_FRAMEWORK_HEADER = YES;
				CLANG_WARN_RANGE_LOOP_ANALYSIS = YES;
				CLANG_WARN_STRICT_PROTOTYPES = YES;
				CLANG_WARN_SUSPICIOUS_MOVE = YES;
				CLANG_WARN_UNGUARDED_AVAILABILITY = YES_AGGRESSIVE;
				CLANG_WARN_UNREACHABLE_CODE = YES;
				CLANG_WARN__DUPLICATE_METHOD_MATCH = YES;
				COPY_PHASE_STRIP = NO;
				DEBUG_INFORMATION_FORMAT = dwarf;
				ENABLE_STRICT_OBJC_MSGSEND = YES;
				ENABLE_TESTABILITY = YES;
				ENABLE_USER_SCRIPT_SANDBOXING = YES;
				GCC_C_LANGUAGE_STANDARD = gnu17;
				GCC_DYNAMIC_NO_PIC = NO;
				GCC_NO_COMMON_BLOCKS = YES;
				GCC_OPTIMIZATION_LEVEL = 0;
				GCC_PREPROCESSOR_DEFINITIONS = (
					"DEBUG=1",
					"$(inherited)",
				);
				GCC_WARN_64_TO_32_BIT_CONVERSION = YES;
				GCC_WARN_ABOUT_RETURN_TYPE = YES_ERROR;
				GCC_WARN_UNDECLARED_SELECTOR = YES;
				GCC_WARN_UNINITIALIZED_AUTOS = YES_AGGRESSIVE;
				GCC_WARN_UNUSED_FUNCTION = YES;
				GCC_WARN_UNUSED_VARIABLE = YES;
				IPHONEOS_DEPLOYMENT_TARGET = 18.2;
				LOCALIZATION_PREFERS_STRING_CATALOGS = YES;
				MTL_ENABLE_DEBUG_INFO = INCLUDE_SOURCE;
				MTL_FAST_MATH = YES;
				ONLY_ACTIVE_ARCH = YES;
				SDKROOT = iphoneos;
				SWIFT_ACTIVE_COMPILATION_CONDITIONS = "DEBUG $(inherited)";
				SWIFT_OPTIMIZATION_LEVEL = "-Onone";
			};
			name = Debug;
		};
		7B24D3102D40FC2C00AB0197 /* Release */ = {
			isa = XCBuildConfiguration;
			buildSettings = {
				ALWAYS_SEARCH_USER_PATHS = NO;
				ASSETCATALOG_COMPILER_GENERATE_SWIFT_ASSET_SYMBOL_EXTENSIONS = YES;
				CLANG_ANALYZER_NONNULL = YES;
				CLANG_ANALYZER_NUMBER_OBJECT_CONVERSION = YES_AGGRESSIVE;
				CLANG_CXX_LANGUAGE_STANDARD = "gnu++20";
				CLANG_ENABLE_MODULES = YES;
				CLANG_ENABLE_OBJC_ARC = YES;
				CLANG_ENABLE_OBJC_WEAK = YES;
				CLANG_WARN_BLOCK_CAPTURE_AUTORELEASING = YES;
				CLANG_WARN_BOOL_CONVERSION = YES;
				CLANG_WARN_COMMA = YES;
				CLANG_WARN_CONSTANT_CONVERSION = YES;
				CLANG_WARN_DEPRECATED_OBJC_IMPLEMENTATIONS = YES;
				CLANG_WARN_DIRECT_OBJC_ISA_USAGE = YES_ERROR;
				CLANG_WARN_DOCUMENTATION_COMMENTS = YES;
				CLANG_WARN_EMPTY_BODY = YES;
				CLANG_WARN_ENUM_CONVERSION = YES;
				CLANG_WARN_INFINITE_RECURSION = YES;
				CLANG_WARN_INT_CONVERSION = YES;
				CLANG_WARN_NON_LITERAL_NULL_CONVERSION = YES;
				CLANG_WARN_OBJC_IMPLICIT_RETAIN_SELF = YES;
				CLANG_WARN_OBJC_LITERAL_CONVERSION = YES;
				CLANG_WARN_OBJC_ROOT_CLASS = YES_ERROR;
				CLANG_WARN_QUOTED_INCLUDE_IN_FRAMEWORK_HEADER = YES;
				CLANG_WARN_RANGE_LOOP_ANALYSIS = YES;
				CLANG_WARN_STRICT_PROTOTYPES = YES;
				CLANG_WARN_SUSPICIOUS_MOVE = YES;
				CLANG_WARN_UNGUARDED_AVAILABILITY = YES_AGGRESSIVE;
				CLANG_WARN_UNREACHABLE_CODE = YES;
				CLANG_WARN__DUPLICATE_METHOD_MATCH = YES;
				COPY_PHASE_STRIP = NO;
				DEBUG_INFORMATION_FORMAT = "dwarf-with-dsym";
				ENABLE_NS_ASSERTIONS = NO;
				ENABLE_STRICT_OBJC_MSGSEND = YES;
				ENABLE_USER_SCRIPT_SANDBOXING = YES;
				GCC_C_LANGUAGE_STANDARD = gnu17;
				GCC_NO_COMMON_BLOCKS = YES;
				GCC_WARN_64_TO_32_BIT_CONVERSION = YES;
				GCC_WARN_ABOUT_RETURN_TYPE = YES_ERROR;
				GCC_WARN_UNDECLARED_SELECTOR = YES;
				GCC_WARN_UNINITIALIZED_AUTOS = YES_AGGRESSIVE;
				GCC_WARN_UNUSED_FUNCTION = YES;
				GCC_WARN_UNUSED_VARIABLE = YES;
				IPHONEOS_DEPLOYMENT_TARGET = 18.2;
				LOCALIZATION_PREFERS_STRING_CATALOGS = YES;
				MTL_ENABLE_DEBUG_INFO = NO;
				MTL_FAST_MATH = YES;
				SDKROOT = iphoneos;
				SWIFT_COMPILATION_MODE = wholemodule;
				VALIDATE_PRODUCT = YES;
			};
			name = Release;
		};
		7B24D3122D40FC2C00AB0197 /* Debug */ = {
			isa = XCBuildConfiguration;
			buildSettings = {
				ASSETCATALOG_COMPILER_APPICON_NAME = AppIcon;
				ASSETCATALOG_COMPILER_GLOBAL_ACCENT_COLOR_NAME = AccentColor;
				CODE_SIGN_STYLE = Automatic;
				CURRENT_PROJECT_VERSION = 1;
				DEVELOPMENT_ASSET_PATHS = "\"Logintest/Preview Content\"";
				ENABLE_PREVIEWS = YES;
				GENERATE_INFOPLIST_FILE = YES;
				INFOPLIST_KEY_UIApplicationSceneManifest_Generation = YES;
				INFOPLIST_KEY_UIApplicationSupportsIndirectInputEvents = YES;
				INFOPLIST_KEY_UILaunchScreen_Generation = YES;
				INFOPLIST_KEY_UISupportedInterfaceOrientations_iPad = "UIInterfaceOrientationPortrait UIInterfaceOrientationPortraitUpsideDown UIInterfaceOrientationLandscapeLeft UIInterfaceOrientationLandscapeRight";
				INFOPLIST_KEY_UISupportedInterfaceOrientations_iPhone = "UIInterfaceOrientationPortrait UIInterfaceOrientationLandscapeLeft UIInterfaceOrientationLandscapeRight";
				LD_RUNPATH_SEARCH_PATHS = (
					"$(inherited)",
					"@executable_path/Frameworks",
				);
				MARKETING_VERSION = 1.0;
				PRODUCT_BUNDLE_IDENTIFIER = su.Logintest;
				PRODUCT_NAME = "$(TARGET_NAME)";
				SWIFT_EMIT_LOC_STRINGS = YES;
				SWIFT_VERSION = 5.0;
				TARGETED_DEVICE_FAMILY = "1,2";
			};
			name = Debug;
		};
		7B24D3132D40FC2C00AB0197 /* Release */ = {
			isa = XCBuildConfiguration;
			buildSettings = {
				ASSETCATALOG_COMPILER_APPICON_NAME = AppIcon;
				ASSETCATALOG_COMPILER_GLOBAL_ACCENT_COLOR_NAME = AccentColor;
				CODE_SIGN_STYLE = Automatic;
				CURRENT_PROJECT_VERSION = 1;
				DEVELOPMENT_ASSET_PATHS = "\"Logintest/Preview Content\"";
				ENABLE_PREVIEWS = YES;
				GENERATE_INFOPLIST_FILE = YES;
				INFOPLIST_KEY_UIApplicationSceneManifest_Generation = YES;
				INFOPLIST_KEY_UIApplicationSupportsIndirectInputEvents = YES;
				INFOPLIST_KEY_UILaunchScreen_Generation = YES;
				INFOPLIST_KEY_UISupportedInterfaceOrientations_iPad = "UIInterfaceOrientationPortrait UIInterfaceOrientationPortraitUpsideDown UIInterfaceOrientationLandscapeLeft UIInterfaceOrientationLandscapeRight";
				INFOPLIST_KEY_UISupportedInterfaceOrientations_iPhone = "UIInterfaceOrientationPortrait UIInterfaceOrientationLandscapeLeft UIInterfaceOrientationLandscapeRight";
				LD_RUNPATH_SEARCH_PATHS = (
					"$(inherited)",
					"@executable_path/Frameworks",
				);
				MARKETING_VERSION = 1.0;
				PRODUCT_BUNDLE_IDENTIFIER = su.Logintest;
				PRODUCT_NAME = "$(TARGET_NAME)";
				SWIFT_EMIT_LOC_STRINGS = YES;
				SWIFT_VERSION = 5.0;
				TARGETED_DEVICE_FAMILY = "1,2";
			};
			name = Release;
		};
		7B24D3152D40FC2C00AB0197 /* Debug */ = {
			isa = XCBuildConfiguration;
			buildSettings = {
				BUNDLE_LOADER = "$(TEST_HOST)";
				CODE_SIGN_STYLE = Automatic;
				CURRENT_PROJECT_VERSION = 1;
				GENERATE_INFOPLIST_FILE = YES;
				IPHONEOS_DEPLOYMENT_TARGET = 18.2;
				MARKETING_VERSION = 1.0;
				PRODUCT_BUNDLE_IDENTIFIER = su.LogintestTests;
				PRODUCT_NAME = "$(TARGET_NAME)";
				SWIFT_EMIT_LOC_STRINGS = NO;
				SWIFT_VERSION = 5.0;
				TARGETED_DEVICE_FAMILY = "1,2";
				TEST_HOST = "$(BUILT_PRODUCTS_DIR)/Logintest.app/$(BUNDLE_EXECUTABLE_FOLDER_PATH)/Logintest";
			};
			name = Debug;
		};
		7B24D3162D40FC2C00AB0197 /* Release */ = {
			isa = XCBuildConfiguration;
			buildSettings = {
				BUNDLE_LOADER = "$(TEST_HOST)";
				CODE_SIGN_STYLE = Automatic;
				CURRENT_PROJECT_VERSION = 1;
				GENERATE_INFOPLIST_FILE = YES;
				IPHONEOS_DEPLOYMENT_TARGET = 18.2;
				MARKETING_VERSION = 1.0;
				PRODUCT_BUNDLE_IDENTIFIER = su.LogintestTests;
				PRODUCT_NAME = "$(TARGET_NAME)";
				SWIFT_EMIT_LOC_STRINGS = NO;
				SWIFT_VERSION = 5.0;
				TARGETED_DEVICE_FAMILY = "1,2";
				TEST_HOST = "$(BUILT_PRODUCTS_DIR)/Logintest.app/$(BUNDLE_EXECUTABLE_FOLDER_PATH)/Logintest";
			};
			name = Release;
		};
		7B24D3182D40FC2C00AB0197 /* Debug */ = {
			isa = XCBuildConfiguration;
			buildSettings = {
				CODE_SIGN_STYLE = Automatic;
				CURRENT_PROJECT_VERSION = 1;
				GENERATE_INFOPLIST_FILE = YES;
				MARKETING_VERSION = 1.0;
				PRODUCT_BUNDLE_IDENTIFIER = su.LogintestUITests;
				PRODUCT_NAME = "$(TARGET_NAME)";
				SWIFT_EMIT_LOC_STRINGS = NO;
				SWIFT_VERSION = 5.0;
				TARGETED_DEVICE_FAMILY = "1,2";
				TEST_TARGET_NAME = Logintest;
			};
			name = Debug;
		};
		7B24D3192D40FC2C00AB0197 /* Release */ = {
			isa = XCBuildConfiguration;
			buildSettings = {
				CODE_SIGN_STYLE = Automatic;
				CURRENT_PROJECT_VERSION = 1;
				GENERATE_INFOPLIST_FILE = YES;
				MARKETING_VERSION = 1.0;
				PRODUCT_BUNDLE_IDENTIFIER = su.LogintestUITests;
				PRODUCT_NAME = "$(TARGET_NAME)";
				SWIFT_EMIT_LOC_STRINGS = NO;
				SWIFT_VERSION = 5.0;
				TARGETED_DEVICE_FAMILY = "1,2";
				TEST_TARGET_NAME = Logintest;
			};
			name = Release;
		};
/* End XCBuildConfiguration section */

/* Begin XCConfigurationList section */
		7B24D2E82D40FC2B00AB0197 /* Build configuration list for PBXProject "Logintest" */ = {
			isa = XCConfigurationList;
			buildConfigurations = (
				7B24D30F2D40FC2C00AB0197 /* Debug */,
				7B24D3102D40FC2C00AB0197 /* Release */,
			);
			defaultConfigurationIsVisible = 0;
			defaultConfigurationName = Release;
		};
		7B24D3112D40FC2C00AB0197 /* Build configuration list for PBXNativeTarget "Logintest" */ = {
			isa = XCConfigurationList;
			buildConfigurations = (
				7B24D3122D40FC2C00AB0197 /* Debug */,
				7B24D3132D40FC2C00AB0197 /* Release */,
			);
			defaultConfigurationIsVisible = 0;
			defaultConfigurationName = Release;
		};
		7B24D3142D40FC2C00AB0197 /* Build configuration list for PBXNativeTarget "LogintestTests" */ = {
			isa = XCConfigurationList;
			buildConfigurations = (
				7B24D3152D40FC2C00AB0197 /* Debug */,
				7B24D3162D40FC2C00AB0197 /* Release */,
			);
			defaultConfigurationIsVisible = 0;
			defaultConfigurationName = Release;
		};
		7B24D3172D40FC2C00AB0197 /* Build configuration list for PBXNativeTarget "LogintestUITests" */ = {
			isa = XCConfigurationList;
			buildConfigurations = (
				7B24D3182D40FC2C00AB0197 /* Debug */,
				7B24D3192D40FC2C00AB0197 /* Release */,
			);
			defaultConfigurationIsVisible = 0;
			defaultConfigurationName = Release;
		};
/* End XCConfigurationList section */
	};
	rootObject = 7B24D2E52D40FC2B00AB0197 /* Project object */;
}
